// !$*UTF8*$!
{
	archiveVersion = 1;
	classes = {
	};
	objectVersion = 46;
	objects = {

/* Begin PBXBuildFile section */
		772C89891EB0490200214D0D /* C2A5E4_main-Driver.cpp in Sources */ = {isa = PBXBuildFile; fileRef = 772C89881EB0490200214D0D /* C2A5E4_main-Driver.cpp */; };
		772C898C1EB0493200214D0D /* C2A5E4_OpenFile.cpp in Sources */ = {isa = PBXBuildFile; fileRef = 772C898B1EB0493200214D0D /* C2A5E4_OpenFile.cpp */; };
		772C898E1EB0494600214D0D /* C2A5E4_DetectFloats.cpp in Sources */ = {isa = PBXBuildFile; fileRef = 772C898D1EB0494600214D0D /* C2A5E4_DetectFloats.cpp */; };
/* End PBXBuildFile section */

/* Begin PBXCopyFilesBuildPhase section */
		772C897C1EB048E900214D0D /* CopyFiles */ = {
			isa = PBXCopyFilesBuildPhase;
			buildActionMask = 2147483647;
			dstPath = /usr/share/man/man1/;
			dstSubfolderSpec = 0;
			files = (
			);
			runOnlyForDeploymentPostprocessing = 1;
		};
/* End PBXCopyFilesBuildPhase section */

/* Begin PBXFileReference section */
		772C897E1EB048E900214D0D /* C2A5E4 */ = {isa = PBXFileReference; explicitFileType = "compiled.mach-o.executable"; includeInIndex = 0; name = C2A5E4; path = /Users/julweng/Desktop/MyProgram/C2A5E4/build/Debug/C2A5E4; sourceTree = "<absolute>"; };
		772C89881EB0490200214D0D /* C2A5E4_main-Driver.cpp */ = {isa = PBXFileReference; fileEncoding = 4; lastKnownFileType = sourcecode.cpp.cpp; path = "C2A5E4_main-Driver.cpp"; sourceTree = "<group>"; };
		772C898A1EB0490D00214D0D /* C2A5E4_StatusCode-Driver.h */ = {isa = PBXFileReference; fileEncoding = 4; lastKnownFileType = sourcecode.c.h; path = "C2A5E4_StatusCode-Driver.h"; sourceTree = "<group>"; };
		772C898B1EB0493200214D0D /* C2A5E4_OpenFile.cpp */ = {isa = PBXFileReference; fileEncoding = 4; lastKnownFileType = sourcecode.cpp.cpp; path = C2A5E4_OpenFile.cpp; sourceTree = "<group>"; };
		772C898D1EB0494600214D0D /* C2A5E4_DetectFloats.cpp */ = {isa = PBXFileReference; fileEncoding = 4; lastKnownFileType = sourcecode.cpp.cpp; path = C2A5E4_DetectFloats.cpp; sourceTree = "<group>"; };
/* End PBXFileReference section */

/* Begin PBXFrameworksBuildPhase section */
		772C897B1EB048E900214D0D /* Frameworks */ = {
			isa = PBXFrameworksBuildPhase;
			buildActionMask = 2147483647;
			files = (
			);
			runOnlyForDeploymentPostprocessing = 0;
		};
/* End PBXFrameworksBuildPhase section */

/* Begin PBXGroup section */
		772C89751EB048E900214D0D = {
			isa = PBXGroup;
			children = (
				772C898A1EB0490D00214D0D /* C2A5E4_StatusCode-Driver.h */,
				772C89881EB0490200214D0D /* C2A5E4_main-Driver.cpp */,
				772C898B1EB0493200214D0D /* C2A5E4_OpenFile.cpp */,
				772C898D1EB0494600214D0D /* C2A5E4_DetectFloats.cpp */,
			);
			sourceTree = "<group>";
		};
/* End PBXGroup section */

/* Begin PBXNativeTarget section */
		772C897D1EB048E900214D0D /* C2A5E4 */ = {
			isa = PBXNativeTarget;
			buildConfigurationList = 772C89851EB048E900214D0D /* Build configuration list for PBXNativeTarget "C2A5E4" */;
			buildPhases = (
				772C897A1EB048E900214D0D /* Sources */,
				772C897B1EB048E900214D0D /* Frameworks */,
				772C897C1EB048E900214D0D /* CopyFiles */,
			);
			buildRules = (
			);
			dependencies = (
			);
			name = C2A5E4;
			productName = C2A5E4;
			productReference = 772C897E1EB048E900214D0D /* C2A5E4 */;
			productType = "com.apple.product-type.tool";
		};
/* End PBXNativeTarget section */

/* Begin PBXProject section */
		772C89761EB048E900214D0D /* Project object */ = {
			isa = PBXProject;
			attributes = {
				LastUpgradeCheck = 0830;
				ORGANIZATIONNAME = "Julia Weng";
				TargetAttributes = {
					772C897D1EB048E900214D0D = {
						CreatedOnToolsVersion = 8.3.2;
						ProvisioningStyle = Automatic;
					};
				};
			};
			buildConfigurationList = 772C89791EB048E900214D0D /* Build configuration list for PBXProject "C2A5E4" */;
			compatibilityVersion = "Xcode 3.2";
			developmentRegion = English;
			hasScannedForEncodings = 0;
			knownRegions = (
				en,
			);
			mainGroup = 772C89751EB048E900214D0D;
			productRefGroup = 772C89751EB048E900214D0D;
			projectDirPath = "";
			projectRoot = "";
			targets = (
				772C897D1EB048E900214D0D /* C2A5E4 */,
			);
		};
/* End PBXProject section */

/* Begin PBXSourcesBuildPhase section */
		772C897A1EB048E900214D0D /* Sources */ = {
			isa = PBXSourcesBuildPhase;
			buildActionMask = 2147483647;
			files = (
				772C89891EB0490200214D0D /* C2A5E4_main-Driver.cpp in Sources */,
				772C898E1EB0494600214D0D /* C2A5E4_DetectFloats.cpp in Sources */,
				772C898C1EB0493200214D0D /* C2A5E4_OpenFile.cpp in Sources */,
			);
			runOnlyForDeploymentPostprocessing = 0;
		};
/* End PBXSourcesBuildPhase section */

/* Begin XCBuildConfiguration section */
		772C89831EB048E900214D0D /* Debug */ = {
			isa = XCBuildConfiguration;
			buildSettings = {
				ALWAYS_SEARCH_USER_PATHS = NO;
				CLANG_ANALYZER_NONNULL = YES;
				CLANG_ANALYZER_NUMBER_OBJECT_CONVERSION = YES_AGGRESSIVE;
				CLANG_CXX_LANGUAGE_STANDARD = "gnu++0x";
				CLANG_CXX_LIBRARY = "libc++";
				CLANG_ENABLE_MODULES = YES;
				CLANG_ENABLE_OBJC_ARC = YES;
				CLANG_WARN_BOOL_CONVERSION = YES;
				CLANG_WARN_CONSTANT_CONVERSION = YES;
				CLANG_WARN_DIRECT_OBJC_ISA_USAGE = YES_ERROR;
				CLANG_WARN_DOCUMENTATION_COMMENTS = YES;
				CLANG_WARN_EMPTY_BODY = YES;
				CLANG_WARN_ENUM_CONVERSION = YES;
				CLANG_WARN_INFINITE_RECURSION = YES;
				CLANG_WARN_INT_CONVERSION = YES;
				CLANG_WARN_OBJC_ROOT_CLASS = YES_ERROR;
				CLANG_WARN_SUSPICIOUS_MOVE = YES;
				CLANG_WARN_UNREACHABLE_CODE = YES;
				CLANG_WARN__DUPLICATE_METHOD_MATCH = YES;
				CODE_SIGN_IDENTITY = "-";
				COPY_PHASE_STRIP = NO;
				DEBUG_INFORMATION_FORMAT = dwarf;
				ENABLE_STRICT_OBJC_MSGSEND = YES;
				ENABLE_TESTABILITY = YES;
				GCC_C_LANGUAGE_STANDARD = gnu99;
				GCC_DYNAMIC_NO_PIC = NO;
				GCC_NO_COMMON_BLOCKS = YES;
				GCC_OPTIMIZATION_LEVEL = 0;
				GCC_PREPROCESSOR_DEFINITIONS = (
					"DEBUG=1",
					"$(inherited)",
				);
				GCC_WARN_64_TO_32_BIT_CONVERSION = YES;
				GCC_WARN_ABOUT_RETURN_TYPE = YES_ERROR;
				GCC_WARN_UNDECLARED_SELECTOR = YES;
				GCC_WARN_UNINITIALIZED_AUTOS = YES_AGGRESSIVE;
				GCC_WARN_UNUSED_FUNCTION = YES;
				GCC_WARN_UNUSED_VARIABLE = YES;
				MACOSX_DEPLOYMENT_TARGET = 10.12;
				MTL_ENABLE_DEBUG_INFO = YES;
				ONLY_ACTIVE_ARCH = YES;
				SDKROOT = macosx;
			};
			name = Debug;
		};
		772C89841EB048E900214D0D /* Release */ = {
			isa = XCBuildConfiguration;
			buildSettings = {
				ALWAYS_SEARCH_USER_PATHS = NO;
				CLANG_ANALYZER_NONNULL = YES;
				CLANG_ANALYZER_NUMBER_OBJECT_CONVERSION = YES_AGGRESSIVE;
				CLANG_CXX_LANGUAGE_STANDARD = "gnu++0x";
				CLANG_CXX_LIBRARY = "libc++";
				CLANG_ENABLE_MODULES = YES;
				CLANG_ENABLE_OBJC_ARC = YES;
				CLANG_WARN_BOOL_CONVERSION = YES;
				CLANG_WARN_CONSTANT_CONVERSION = YES;
				CLANG_WARN_DIRECT_OBJC_ISA_USAGE = YES_ERROR;
				CLANG_WARN_DOCUMENTATION_COMMENTS = YES;
				CLANG_WARN_EMPTY_BODY = YES;
				CLANG_WARN_ENUM_CONVERSION = YES;
				CLANG_WARN_INFINITE_RECURSION = YES;
				CLANG_WARN_INT_CONVERSION = YES;
				CLANG_WARN_OBJC_ROOT_CLASS = YES_ERROR;
				CLANG_WARN_SUSPICIOUS_MOVE = YES;
				CLANG_WARN_UNREACHABLE_CODE = YES;
				CLANG_WARN__DUPLICATE_METHOD_MATCH = YES;
				CODE_SIGN_IDENTITY = "-";
				COPY_PHASE_STRIP = NO;
				DEBUG_INFORMATION_FORMAT = "dwarf-with-dsym";
				ENABLE_NS_ASSERTIONS = NO;
				ENABLE_STRICT_OBJC_MSGSEND = YES;
				GCC_C_LANGUAGE_STANDARD = gnu99;
				GCC_NO_COMMON_BLOCKS = YES;
				GCC_WARN_64_TO_32_BIT_CONVERSION = YES;
				GCC_WARN_ABOUT_RETURN_TYPE = YES_ERROR;
				GCC_WARN_UNDECLARED_SELECTOR = YES;
				GCC_WARN_UNINITIALIZED_AUTOS = YES_AGGRESSIVE;
				GCC_WARN_UNUSED_FUNCTION = YES;
				GCC_WARN_UNUSED_VARIABLE = YES;
				MACOSX_DEPLOYMENT_TARGET = 10.12;
				MTL_ENABLE_DEBUG_INFO = NO;
				SDKROOT = macosx;
			};
			name = Release;
		};
		772C89861EB048E900214D0D /* Debug */ = {
			isa = XCBuildConfiguration;
			buildSettings = {
				PRODUCT_NAME = "$(TARGET_NAME)";
			};
			name = Debug;
		};
		772C89871EB048E900214D0D /* Release */ = {
			isa = XCBuildConfiguration;
			buildSettings = {
				PRODUCT_NAME = "$(TARGET_NAME)";
			};
			name = Release;
		};
/* End XCBuildConfiguration section */

/* Begin XCConfigurationList section */
		772C89791EB048E900214D0D /* Build configuration list for PBXProject "C2A5E4" */ = {
			isa = XCConfigurationList;
			buildConfigurations = (
				772C89831EB048E900214D0D /* Debug */,
				772C89841EB048E900214D0D /* Release */,
			);
			defaultConfigurationIsVisible = 0;
			defaultConfigurationName = Release;
		};
		772C89851EB048E900214D0D /* Build configuration list for PBXNativeTarget "C2A5E4" */ = {
			isa = XCConfigurationList;
			buildConfigurations = (
				772C89861EB048E900214D0D /* Debug */,
				772C89871EB048E900214D0D /* Release */,
			);
			defaultConfigurationIsVisible = 0;
		};
/* End XCConfigurationList section */
	};
	rootObject = 772C89761EB048E900214D0D /* Project object */;
}
