// !$*UTF8*$!
{
	archiveVersion = 1;
	classes = {
	};
	objectVersion = 46;
	objects = {

/* Begin PBXBuildFile section */
		77CC42F41EB650CF0083E62B /* C2A7E2_main-Driver.cpp in Sources */ = {isa = PBXBuildFile; fileRef = 77CC42F31EB650CF0083E62B /* C2A7E2_main-Driver.cpp */; };
		77CC42F61EB650E60083E62B /* C2A7E2_OpenFileBinary.cpp in Sources */ = {isa = PBXBuildFile; fileRef = 77CC42F51EB650E60083E62B /* C2A7E2_OpenFileBinary.cpp */; };
		77CC42F81EB650FD0083E62B /* C2A7E2_ListHex.cpp in Sources */ = {isa = PBXBuildFile; fileRef = 77CC42F71EB650FD0083E62B /* C2A7E2_ListHex.cpp */; };
/* End PBXBuildFile section */

/* Begin PBXCopyFilesBuildPhase section */
		77CC42E71EB650810083E62B /* CopyFiles */ = {
			isa = PBXCopyFilesBuildPhase;
			buildActionMask = 2147483647;
			dstPath = /usr/share/man/man1/;
			dstSubfolderSpec = 0;
			files = (
			);
			runOnlyForDeploymentPostprocessing = 1;
		};
/* End PBXCopyFilesBuildPhase section */

/* Begin PBXFileReference section */
		77CC42E91EB650810083E62B /* C2A7E2 */ = {isa = PBXFileReference; explicitFileType = "compiled.mach-o.executable"; includeInIndex = 0; path = C2A7E2; sourceTree = BUILT_PRODUCTS_DIR; };
		77CC42F31EB650CF0083E62B /* C2A7E2_main-Driver.cpp */ = {isa = PBXFileReference; fileEncoding = 4; lastKnownFileType = sourcecode.cpp.cpp; path = "C2A7E2_main-Driver.cpp"; sourceTree = "<group>"; };
		77CC42F51EB650E60083E62B /* C2A7E2_OpenFileBinary.cpp */ = {isa = PBXFileReference; fileEncoding = 4; lastKnownFileType = sourcecode.cpp.cpp; path = C2A7E2_OpenFileBinary.cpp; sourceTree = "<group>"; };
		77CC42F71EB650FD0083E62B /* C2A7E2_ListHex.cpp */ = {isa = PBXFileReference; fileEncoding = 4; lastKnownFileType = sourcecode.cpp.cpp; path = C2A7E2_ListHex.cpp; sourceTree = "<group>"; };
/* End PBXFileReference section */

/* Begin PBXFrameworksBuildPhase section */
		77CC42E61EB650810083E62B /* Frameworks */ = {
			isa = PBXFrameworksBuildPhase;
			buildActionMask = 2147483647;
			files = (
			);
			runOnlyForDeploymentPostprocessing = 0;
		};
/* End PBXFrameworksBuildPhase section */

/* Begin PBXGroup section */
		77CC42E01EB650810083E62B = {
			isa = PBXGroup;
			children = (
				77CC42F51EB650E60083E62B /* C2A7E2_OpenFileBinary.cpp */,
				77CC42F71EB650FD0083E62B /* C2A7E2_ListHex.cpp */,
				77CC42F31EB650CF0083E62B /* C2A7E2_main-Driver.cpp */,
				77CC42EA1EB650810083E62B /* Products */,
			);
			sourceTree = "<group>";
		};
		77CC42EA1EB650810083E62B /* Products */ = {
			isa = PBXGroup;
			children = (
				77CC42E91EB650810083E62B /* C2A7E2 */,
			);
			name = Products;
			sourceTree = "<group>";
		};
/* End PBXGroup section */

/* Begin PBXNativeTarget section */
		77CC42E81EB650810083E62B /* C2A7E2 */ = {
			isa = PBXNativeTarget;
			buildConfigurationList = 77CC42F01EB650810083E62B /* Build configuration list for PBXNativeTarget "C2A7E2" */;
			buildPhases = (
				77CC42E51EB650810083E62B /* Sources */,
				77CC42E61EB650810083E62B /* Frameworks */,
				77CC42E71EB650810083E62B /* CopyFiles */,
			);
			buildRules = (
			);
			dependencies = (
			);
			name = C2A7E2;
			productName = C2A7E2;
			productReference = 77CC42E91EB650810083E62B /* C2A7E2 */;
			productType = "com.apple.product-type.tool";
		};
/* End PBXNativeTarget section */

/* Begin PBXProject section */
		77CC42E11EB650810083E62B /* Project object */ = {
			isa = PBXProject;
			attributes = {
				LastUpgradeCheck = 0830;
				ORGANIZATIONNAME = "Julia Weng";
				TargetAttributes = {
					77CC42E81EB650810083E62B = {
						CreatedOnToolsVersion = 8.3.2;
						ProvisioningStyle = Automatic;
					};
				};
			};
			buildConfigurationList = 77CC42E41EB650810083E62B /* Build configuration list for PBXProject "C2A7E2" */;
			compatibilityVersion = "Xcode 3.2";
			developmentRegion = English;
			hasScannedForEncodings = 0;
			knownRegions = (
				en,
			);
			mainGroup = 77CC42E01EB650810083E62B;
			productRefGroup = 77CC42EA1EB650810083E62B /* Products */;
			projectDirPath = "";
			projectRoot = "";
			targets = (
				77CC42E81EB650810083E62B /* C2A7E2 */,
			);
		};
/* End PBXProject section */

/* Begin PBXSourcesBuildPhase section */
		77CC42E51EB650810083E62B /* Sources */ = {
			isa = PBXSourcesBuildPhase;
			buildActionMask = 2147483647;
			files = (
				77CC42F61EB650E60083E62B /* C2A7E2_OpenFileBinary.cpp in Sources */,
				77CC42F81EB650FD0083E62B /* C2A7E2_ListHex.cpp in Sources */,
				77CC42F41EB650CF0083E62B /* C2A7E2_main-Driver.cpp in Sources */,
			);
			runOnlyForDeploymentPostprocessing = 0;
		};
/* End PBXSourcesBuildPhase section */

/* Begin XCBuildConfiguration section */
		77CC42EE1EB650810083E62B /* Debug */ = {
			isa = XCBuildConfiguration;
			buildSettings = {
				ALWAYS_SEARCH_USER_PATHS = NO;
				CLANG_ANALYZER_NONNULL = YES;
				CLANG_ANALYZER_NUMBER_OBJECT_CONVERSION = YES_AGGRESSIVE;
				CLANG_CXX_LANGUAGE_STANDARD = "gnu++0x";
				CLANG_CXX_LIBRARY = "libc++";
				CLANG_ENABLE_MODULES = YES;
				CLANG_ENABLE_OBJC_ARC = YES;
				CLANG_WARN_BOOL_CONVERSION = YES;
				CLANG_WARN_CONSTANT_CONVERSION = YES;
				CLANG_WARN_DIRECT_OBJC_ISA_USAGE = YES_ERROR;
				CLANG_WARN_DOCUMENTATION_COMMENTS = YES;
				CLANG_WARN_EMPTY_BODY = YES;
				CLANG_WARN_ENUM_CONVERSION = YES;
				CLANG_WARN_INFINITE_RECURSION = YES;
				CLANG_WARN_INT_CONVERSION = YES;
				CLANG_WARN_OBJC_ROOT_CLASS = YES_ERROR;
				CLANG_WARN_SUSPICIOUS_MOVE = YES;
				CLANG_WARN_UNREACHABLE_CODE = YES;
				CLANG_WARN__DUPLICATE_METHOD_MATCH = YES;
				CODE_SIGN_IDENTITY = "-";
				COPY_PHASE_STRIP = NO;
				DEBUG_INFORMATION_FORMAT = dwarf;
				ENABLE_STRICT_OBJC_MSGSEND = YES;
				ENABLE_TESTABILITY = YES;
				GCC_C_LANGUAGE_STANDARD = gnu99;
				GCC_DYNAMIC_NO_PIC = NO;
				GCC_NO_COMMON_BLOCKS = YES;
				GCC_OPTIMIZATION_LEVEL = 0;
				GCC_PREPROCESSOR_DEFINITIONS = (
					"DEBUG=1",
					"$(inherited)",
				);
				GCC_WARN_64_TO_32_BIT_CONVERSION = YES;
				GCC_WARN_ABOUT_RETURN_TYPE = YES_ERROR;
				GCC_WARN_UNDECLARED_SELECTOR = YES;
				GCC_WARN_UNINITIALIZED_AUTOS = YES_AGGRESSIVE;
				GCC_WARN_UNUSED_FUNCTION = YES;
				GCC_WARN_UNUSED_VARIABLE = YES;
				MACOSX_DEPLOYMENT_TARGET = 10.12;
				MTL_ENABLE_DEBUG_INFO = YES;
				ONLY_ACTIVE_ARCH = YES;
				SDKROOT = macosx;
			};
			name = Debug;
		};
		77CC42EF1EB650810083E62B /* Release */ = {
			isa = XCBuildConfiguration;
			buildSettings = {
				ALWAYS_SEARCH_USER_PATHS = NO;
				CLANG_ANALYZER_NONNULL = YES;
				CLANG_ANALYZER_NUMBER_OBJECT_CONVERSION = YES_AGGRESSIVE;
				CLANG_CXX_LANGUAGE_STANDARD = "gnu++0x";
				CLANG_CXX_LIBRARY = "libc++";
				CLANG_ENABLE_MODULES = YES;
				CLANG_ENABLE_OBJC_ARC = YES;
				CLANG_WARN_BOOL_CONVERSION = YES;
				CLANG_WARN_CONSTANT_CONVERSION = YES;
				CLANG_WARN_DIRECT_OBJC_ISA_USAGE = YES_ERROR;
				CLANG_WARN_DOCUMENTATION_COMMENTS = YES;
				CLANG_WARN_EMPTY_BODY = YES;
				CLANG_WARN_ENUM_CONVERSION = YES;
				CLANG_WARN_INFINITE_RECURSION = YES;
				CLANG_WARN_INT_CONVERSION = YES;
				CLANG_WARN_OBJC_ROOT_CLASS = YES_ERROR;
				CLANG_WARN_SUSPICIOUS_MOVE = YES;
				CLANG_WARN_UNREACHABLE_CODE = YES;
				CLANG_WARN__DUPLICATE_METHOD_MATCH = YES;
				CODE_SIGN_IDENTITY = "-";
				COPY_PHASE_STRIP = NO;
				DEBUG_INFORMATION_FORMAT = "dwarf-with-dsym";
				ENABLE_NS_ASSERTIONS = NO;
				ENABLE_STRICT_OBJC_MSGSEND = YES;
				GCC_C_LANGUAGE_STANDARD = gnu99;
				GCC_NO_COMMON_BLOCKS = YES;
				GCC_WARN_64_TO_32_BIT_CONVERSION = YES;
				GCC_WARN_ABOUT_RETURN_TYPE = YES_ERROR;
				GCC_WARN_UNDECLARED_SELECTOR = YES;
				GCC_WARN_UNINITIALIZED_AUTOS = YES_AGGRESSIVE;
				GCC_WARN_UNUSED_FUNCTION = YES;
				GCC_WARN_UNUSED_VARIABLE = YES;
				MACOSX_DEPLOYMENT_TARGET = 10.12;
				MTL_ENABLE_DEBUG_INFO = NO;
				SDKROOT = macosx;
			};
			name = Release;
		};
		77CC42F11EB650810083E62B /* Debug */ = {
			isa = XCBuildConfiguration;
			buildSettings = {
				PRODUCT_NAME = "$(TARGET_NAME)";
			};
			name = Debug;
		};
		77CC42F21EB650810083E62B /* Release */ = {
			isa = XCBuildConfiguration;
			buildSettings = {
				PRODUCT_NAME = "$(TARGET_NAME)";
			};
			name = Release;
		};
/* End XCBuildConfiguration section */

/* Begin XCConfigurationList section */
		77CC42E41EB650810083E62B /* Build configuration list for PBXProject "C2A7E2" */ = {
			isa = XCConfigurationList;
			buildConfigurations = (
				77CC42EE1EB650810083E62B /* Debug */,
				77CC42EF1EB650810083E62B /* Release */,
			);
			defaultConfigurationIsVisible = 0;
			defaultConfigurationName = Release;
		};
		77CC42F01EB650810083E62B /* Build configuration list for PBXNativeTarget "C2A7E2" */ = {
			isa = XCConfigurationList;
			buildConfigurations = (
				77CC42F11EB650810083E62B /* Debug */,
				77CC42F21EB650810083E62B /* Release */,
			);
			defaultConfigurationIsVisible = 0;
		};
/* End XCConfigurationList section */
	};
	rootObject = 77CC42E11EB650810083E62B /* Project object */;
}
