// !$*UTF8*$!
{
	archiveVersion = 1;
	classes = {
	};
	objectVersion = 46;
	objects = {

/* Begin PBXBuildFile section */
		777B9DC91EBD7BC700D113B5 /* C2A8E2_main-Driver.c in Sources */ = {isa = PBXBuildFile; fileRef = 777B9DC81EBD7BC700D113B5 /* C2A8E2_main-Driver.c */; };
		777B9DCB1EBD7E9000D113B5 /* C2A8E2_OpenFileBinary.c in Sources */ = {isa = PBXBuildFile; fileRef = 777B9DCA1EBD7E9000D113B5 /* C2A8E2_OpenFileBinary.c */; };
		777B9DCD1EBD7EA900D113B5 /* C2A8E2_DisplayModifiedSingleReals.c in Sources */ = {isa = PBXBuildFile; fileRef = 777B9DCC1EBD7EA900D113B5 /* C2A8E2_DisplayModifiedSingleReals.c */; };
/* End PBXBuildFile section */

/* Begin PBXCopyFilesBuildPhase section */
		777B9DBC1EBD7BB200D113B5 /* CopyFiles */ = {
			isa = PBXCopyFilesBuildPhase;
			buildActionMask = 2147483647;
			dstPath = /usr/share/man/man1/;
			dstSubfolderSpec = 0;
			files = (
			);
			runOnlyForDeploymentPostprocessing = 1;
		};
/* End PBXCopyFilesBuildPhase section */

/* Begin PBXFileReference section */
		777B9DBE1EBD7BB200D113B5 /* C2A8E2 */ = {isa = PBXFileReference; explicitFileType = "compiled.mach-o.executable"; includeInIndex = 0; path = C2A8E2; sourceTree = BUILT_PRODUCTS_DIR; };
		777B9DC81EBD7BC700D113B5 /* C2A8E2_main-Driver.c */ = {isa = PBXFileReference; fileEncoding = 4; lastKnownFileType = sourcecode.c.c; path = "C2A8E2_main-Driver.c"; sourceTree = "<group>"; };
		777B9DCA1EBD7E9000D113B5 /* C2A8E2_OpenFileBinary.c */ = {isa = PBXFileReference; fileEncoding = 4; lastKnownFileType = sourcecode.c.c; path = C2A8E2_OpenFileBinary.c; sourceTree = "<group>"; };
		777B9DCC1EBD7EA900D113B5 /* C2A8E2_DisplayModifiedSingleReals.c */ = {isa = PBXFileReference; fileEncoding = 4; lastKnownFileType = sourcecode.c.c; path = C2A8E2_DisplayModifiedSingleReals.c; sourceTree = "<group>"; };
/* End PBXFileReference section */

/* Begin PBXFrameworksBuildPhase section */
		777B9DBB1EBD7BB200D113B5 /* Frameworks */ = {
			isa = PBXFrameworksBuildPhase;
			buildActionMask = 2147483647;
			files = (
			);
			runOnlyForDeploymentPostprocessing = 0;
		};
/* End PBXFrameworksBuildPhase section */

/* Begin PBXGroup section */
		777B9DB51EBD7BB200D113B5 = {
			isa = PBXGroup;
			children = (
				777B9DC81EBD7BC700D113B5 /* C2A8E2_main-Driver.c */,
				777B9DCA1EBD7E9000D113B5 /* C2A8E2_OpenFileBinary.c */,
				777B9DCC1EBD7EA900D113B5 /* C2A8E2_DisplayModifiedSingleReals.c */,
				777B9DBF1EBD7BB200D113B5 /* Products */,
			);
			sourceTree = "<group>";
		};
		777B9DBF1EBD7BB200D113B5 /* Products */ = {
			isa = PBXGroup;
			children = (
				777B9DBE1EBD7BB200D113B5 /* C2A8E2 */,
			);
			name = Products;
			sourceTree = "<group>";
		};
/* End PBXGroup section */

/* Begin PBXNativeTarget section */
		777B9DBD1EBD7BB200D113B5 /* C2A8E2 */ = {
			isa = PBXNativeTarget;
			buildConfigurationList = 777B9DC51EBD7BB200D113B5 /* Build configuration list for PBXNativeTarget "C2A8E2" */;
			buildPhases = (
				777B9DBA1EBD7BB200D113B5 /* Sources */,
				777B9DBB1EBD7BB200D113B5 /* Frameworks */,
				777B9DBC1EBD7BB200D113B5 /* CopyFiles */,
			);
			buildRules = (
			);
			dependencies = (
			);
			name = C2A8E2;
			productName = C2A8E2;
			productReference = 777B9DBE1EBD7BB200D113B5 /* C2A8E2 */;
			productType = "com.apple.product-type.tool";
		};
/* End PBXNativeTarget section */

/* Begin PBXProject section */
		777B9DB61EBD7BB200D113B5 /* Project object */ = {
			isa = PBXProject;
			attributes = {
				LastUpgradeCheck = 0830;
				ORGANIZATIONNAME = "Julia Weng";
				TargetAttributes = {
					777B9DBD1EBD7BB200D113B5 = {
						CreatedOnToolsVersion = 8.3.2;
						ProvisioningStyle = Automatic;
					};
				};
			};
			buildConfigurationList = 777B9DB91EBD7BB200D113B5 /* Build configuration list for PBXProject "C2A8E2" */;
			compatibilityVersion = "Xcode 3.2";
			developmentRegion = English;
			hasScannedForEncodings = 0;
			knownRegions = (
				en,
			);
			mainGroup = 777B9DB51EBD7BB200D113B5;
			productRefGroup = 777B9DBF1EBD7BB200D113B5 /* Products */;
			projectDirPath = "";
			projectRoot = "";
			targets = (
				777B9DBD1EBD7BB200D113B5 /* C2A8E2 */,
			);
		};
/* End PBXProject section */

/* Begin PBXSourcesBuildPhase section */
		777B9DBA1EBD7BB200D113B5 /* Sources */ = {
			isa = PBXSourcesBuildPhase;
			buildActionMask = 2147483647;
			files = (
				777B9DC91EBD7BC700D113B5 /* C2A8E2_main-Driver.c in Sources */,
				777B9DCB1EBD7E9000D113B5 /* C2A8E2_OpenFileBinary.c in Sources */,
				777B9DCD1EBD7EA900D113B5 /* C2A8E2_DisplayModifiedSingleReals.c in Sources */,
			);
			runOnlyForDeploymentPostprocessing = 0;
		};
/* End PBXSourcesBuildPhase section */

/* Begin XCBuildConfiguration section */
		777B9DC31EBD7BB200D113B5 /* Debug */ = {
			isa = XCBuildConfiguration;
			buildSettings = {
				ALWAYS_SEARCH_USER_PATHS = NO;
				CLANG_ANALYZER_NONNULL = YES;
				CLANG_ANALYZER_NUMBER_OBJECT_CONVERSION = YES_AGGRESSIVE;
				CLANG_CXX_LANGUAGE_STANDARD = "gnu++0x";
				CLANG_CXX_LIBRARY = "libc++";
				CLANG_ENABLE_MODULES = YES;
				CLANG_ENABLE_OBJC_ARC = YES;
				CLANG_WARN_BOOL_CONVERSION = YES;
				CLANG_WARN_CONSTANT_CONVERSION = YES;
				CLANG_WARN_DIRECT_OBJC_ISA_USAGE = YES_ERROR;
				CLANG_WARN_DOCUMENTATION_COMMENTS = YES;
				CLANG_WARN_EMPTY_BODY = YES;
				CLANG_WARN_ENUM_CONVERSION = YES;
				CLANG_WARN_INFINITE_RECURSION = YES;
				CLANG_WARN_INT_CONVERSION = YES;
				CLANG_WARN_OBJC_ROOT_CLASS = YES_ERROR;
				CLANG_WARN_SUSPICIOUS_MOVE = YES;
				CLANG_WARN_UNREACHABLE_CODE = YES;
				CLANG_WARN__DUPLICATE_METHOD_MATCH = YES;
				CODE_SIGN_IDENTITY = "-";
				COPY_PHASE_STRIP = NO;
				DEBUG_INFORMATION_FORMAT = dwarf;
				ENABLE_STRICT_OBJC_MSGSEND = YES;
				ENABLE_TESTABILITY = YES;
				GCC_C_LANGUAGE_STANDARD = gnu99;
				GCC_DYNAMIC_NO_PIC = NO;
				GCC_NO_COMMON_BLOCKS = YES;
				GCC_OPTIMIZATION_LEVEL = 0;
				GCC_PREPROCESSOR_DEFINITIONS = (
					"DEBUG=1",
					"$(inherited)",
				);
				GCC_WARN_64_TO_32_BIT_CONVERSION = YES;
				GCC_WARN_ABOUT_RETURN_TYPE = YES_ERROR;
				GCC_WARN_UNDECLARED_SELECTOR = YES;
				GCC_WARN_UNINITIALIZED_AUTOS = YES_AGGRESSIVE;
				GCC_WARN_UNUSED_FUNCTION = YES;
				GCC_WARN_UNUSED_VARIABLE = YES;
				MACOSX_DEPLOYMENT_TARGET = 10.12;
				MTL_ENABLE_DEBUG_INFO = YES;
				ONLY_ACTIVE_ARCH = YES;
				SDKROOT = macosx;
			};
			name = Debug;
		};
		777B9DC41EBD7BB200D113B5 /* Release */ = {
			isa = XCBuildConfiguration;
			buildSettings = {
				ALWAYS_SEARCH_USER_PATHS = NO;
				CLANG_ANALYZER_NONNULL = YES;
				CLANG_ANALYZER_NUMBER_OBJECT_CONVERSION = YES_AGGRESSIVE;
				CLANG_CXX_LANGUAGE_STANDARD = "gnu++0x";
				CLANG_CXX_LIBRARY = "libc++";
				CLANG_ENABLE_MODULES = YES;
				CLANG_ENABLE_OBJC_ARC = YES;
				CLANG_WARN_BOOL_CONVERSION = YES;
				CLANG_WARN_CONSTANT_CONVERSION = YES;
				CLANG_WARN_DIRECT_OBJC_ISA_USAGE = YES_ERROR;
				CLANG_WARN_DOCUMENTATION_COMMENTS = YES;
				CLANG_WARN_EMPTY_BODY = YES;
				CLANG_WARN_ENUM_CONVERSION = YES;
				CLANG_WARN_INFINITE_RECURSION = YES;
				CLANG_WARN_INT_CONVERSION = YES;
				CLANG_WARN_OBJC_ROOT_CLASS = YES_ERROR;
				CLANG_WARN_SUSPICIOUS_MOVE = YES;
				CLANG_WARN_UNREACHABLE_CODE = YES;
				CLANG_WARN__DUPLICATE_METHOD_MATCH = YES;
				CODE_SIGN_IDENTITY = "-";
				COPY_PHASE_STRIP = NO;
				DEBUG_INFORMATION_FORMAT = "dwarf-with-dsym";
				ENABLE_NS_ASSERTIONS = NO;
				ENABLE_STRICT_OBJC_MSGSEND = YES;
				GCC_C_LANGUAGE_STANDARD = gnu99;
				GCC_NO_COMMON_BLOCKS = YES;
				GCC_WARN_64_TO_32_BIT_CONVERSION = YES;
				GCC_WARN_ABOUT_RETURN_TYPE = YES_ERROR;
				GCC_WARN_UNDECLARED_SELECTOR = YES;
				GCC_WARN_UNINITIALIZED_AUTOS = YES_AGGRESSIVE;
				GCC_WARN_UNUSED_FUNCTION = YES;
				GCC_WARN_UNUSED_VARIABLE = YES;
				MACOSX_DEPLOYMENT_TARGET = 10.12;
				MTL_ENABLE_DEBUG_INFO = NO;
				SDKROOT = macosx;
			};
			name = Release;
		};
		777B9DC61EBD7BB200D113B5 /* Debug */ = {
			isa = XCBuildConfiguration;
			buildSettings = {
				PRODUCT_NAME = "$(TARGET_NAME)";
			};
			name = Debug;
		};
		777B9DC71EBD7BB200D113B5 /* Release */ = {
			isa = XCBuildConfiguration;
			buildSettings = {
				PRODUCT_NAME = "$(TARGET_NAME)";
			};
			name = Release;
		};
/* End XCBuildConfiguration section */

/* Begin XCConfigurationList section */
		777B9DB91EBD7BB200D113B5 /* Build configuration list for PBXProject "C2A8E2" */ = {
			isa = XCConfigurationList;
			buildConfigurations = (
				777B9DC31EBD7BB200D113B5 /* Debug */,
				777B9DC41EBD7BB200D113B5 /* Release */,
			);
			defaultConfigurationIsVisible = 0;
			defaultConfigurationName = Release;
		};
		777B9DC51EBD7BB200D113B5 /* Build configuration list for PBXNativeTarget "C2A8E2" */ = {
			isa = XCConfigurationList;
			buildConfigurations = (
				777B9DC61EBD7BB200D113B5 /* Debug */,
				777B9DC71EBD7BB200D113B5 /* Release */,
			);
			defaultConfigurationIsVisible = 0;
		};
/* End XCConfigurationList section */
	};
	rootObject = 777B9DB61EBD7BB200D113B5 /* Project object */;
}
