// !$*UTF8*$!
{
	archiveVersion = 1;
	classes = {
	};
	objectVersion = 46;
	objects = {

/* Begin PBXBuildFile section */
		7772913E1E9A75330097AA21 /* C2A2E2_main-Driver.cpp in Sources */ = {isa = PBXBuildFile; fileRef = 7772913D1E9A75330097AA21 /* C2A2E2_main-Driver.cpp */; };
		777291401E9A75430097AA21 /* C2A2E2_CountIntBitsF.cpp in Sources */ = {isa = PBXBuildFile; fileRef = 7772913F1E9A75430097AA21 /* C2A2E2_CountIntBitsF.cpp */; };
		777291421E9A755D0097AA21 /* C2A2E2_Rotate.cpp in Sources */ = {isa = PBXBuildFile; fileRef = 777291411E9A755D0097AA21 /* C2A2E2_Rotate.cpp */; };
/* End PBXBuildFile section */

/* Begin PBXCopyFilesBuildPhase section */
		777291311E9A74FE0097AA21 /* CopyFiles */ = {
			isa = PBXCopyFilesBuildPhase;
			buildActionMask = 2147483647;
			dstPath = /usr/share/man/man1/;
			dstSubfolderSpec = 0;
			files = (
			);
			runOnlyForDeploymentPostprocessing = 1;
		};
/* End PBXCopyFilesBuildPhase section */

/* Begin PBXFileReference section */
		777291331E9A74FE0097AA21 /* C2A2E2 */ = {isa = PBXFileReference; explicitFileType = "compiled.mach-o.executable"; includeInIndex = 0; name = C2A2E2; path = /Users/julweng/Desktop/MyProgram/C2A2E2/build/Debug/C2A2E2; sourceTree = "<absolute>"; };
		7772913D1E9A75330097AA21 /* C2A2E2_main-Driver.cpp */ = {isa = PBXFileReference; fileEncoding = 4; lastKnownFileType = sourcecode.cpp.cpp; path = "C2A2E2_main-Driver.cpp"; sourceTree = "<group>"; };
		7772913F1E9A75430097AA21 /* C2A2E2_CountIntBitsF.cpp */ = {isa = PBXFileReference; fileEncoding = 4; lastKnownFileType = sourcecode.cpp.cpp; path = C2A2E2_CountIntBitsF.cpp; sourceTree = "<group>"; };
		777291411E9A755D0097AA21 /* C2A2E2_Rotate.cpp */ = {isa = PBXFileReference; fileEncoding = 4; lastKnownFileType = sourcecode.cpp.cpp; path = C2A2E2_Rotate.cpp; sourceTree = "<group>"; };
/* End PBXFileReference section */

/* Begin PBXFrameworksBuildPhase section */
		777291301E9A74FE0097AA21 /* Frameworks */ = {
			isa = PBXFrameworksBuildPhase;
			buildActionMask = 2147483647;
			files = (
			);
			runOnlyForDeploymentPostprocessing = 0;
		};
/* End PBXFrameworksBuildPhase section */

/* Begin PBXGroup section */
		7772912A1E9A74FE0097AA21 = {
			isa = PBXGroup;
			children = (
				7772913F1E9A75430097AA21 /* C2A2E2_CountIntBitsF.cpp */,
				777291411E9A755D0097AA21 /* C2A2E2_Rotate.cpp */,
				7772913D1E9A75330097AA21 /* C2A2E2_main-Driver.cpp */,
			);
			sourceTree = "<group>";
		};
/* End PBXGroup section */

/* Begin PBXNativeTarget section */
		777291321E9A74FE0097AA21 /* C2A2E2 */ = {
			isa = PBXNativeTarget;
			buildConfigurationList = 7772913A1E9A74FE0097AA21 /* Build configuration list for PBXNativeTarget "C2A2E2" */;
			buildPhases = (
				7772912F1E9A74FE0097AA21 /* Sources */,
				777291301E9A74FE0097AA21 /* Frameworks */,
				777291311E9A74FE0097AA21 /* CopyFiles */,
			);
			buildRules = (
			);
			dependencies = (
			);
			name = C2A2E2;
			productName = C2A2E2;
			productReference = 777291331E9A74FE0097AA21 /* C2A2E2 */;
			productType = "com.apple.product-type.tool";
		};
/* End PBXNativeTarget section */

/* Begin PBXProject section */
		7772912B1E9A74FE0097AA21 /* Project object */ = {
			isa = PBXProject;
			attributes = {
				LastUpgradeCheck = 0830;
				ORGANIZATIONNAME = "Julia Weng";
				TargetAttributes = {
					777291321E9A74FE0097AA21 = {
						CreatedOnToolsVersion = 8.3;
						ProvisioningStyle = Automatic;
					};
				};
			};
			buildConfigurationList = 7772912E1E9A74FE0097AA21 /* Build configuration list for PBXProject "C2A2E2" */;
			compatibilityVersion = "Xcode 3.2";
			developmentRegion = English;
			hasScannedForEncodings = 0;
			knownRegions = (
				en,
			);
			mainGroup = 7772912A1E9A74FE0097AA21;
			productRefGroup = 7772912A1E9A74FE0097AA21;
			projectDirPath = "";
			projectRoot = "";
			targets = (
				777291321E9A74FE0097AA21 /* C2A2E2 */,
			);
		};
/* End PBXProject section */

/* Begin PBXSourcesBuildPhase section */
		7772912F1E9A74FE0097AA21 /* Sources */ = {
			isa = PBXSourcesBuildPhase;
			buildActionMask = 2147483647;
			files = (
				7772913E1E9A75330097AA21 /* C2A2E2_main-Driver.cpp in Sources */,
				777291421E9A755D0097AA21 /* C2A2E2_Rotate.cpp in Sources */,
				777291401E9A75430097AA21 /* C2A2E2_CountIntBitsF.cpp in Sources */,
			);
			runOnlyForDeploymentPostprocessing = 0;
		};
/* End PBXSourcesBuildPhase section */

/* Begin XCBuildConfiguration section */
		777291381E9A74FE0097AA21 /* Debug */ = {
			isa = XCBuildConfiguration;
			buildSettings = {
				ALWAYS_SEARCH_USER_PATHS = NO;
				CLANG_ANALYZER_NONNULL = YES;
				CLANG_ANALYZER_NUMBER_OBJECT_CONVERSION = YES_AGGRESSIVE;
				CLANG_CXX_LANGUAGE_STANDARD = "gnu++0x";
				CLANG_CXX_LIBRARY = "libc++";
				CLANG_ENABLE_MODULES = YES;
				CLANG_ENABLE_OBJC_ARC = YES;
				CLANG_WARN_BOOL_CONVERSION = YES;
				CLANG_WARN_CONSTANT_CONVERSION = YES;
				CLANG_WARN_DIRECT_OBJC_ISA_USAGE = YES_ERROR;
				CLANG_WARN_DOCUMENTATION_COMMENTS = YES;
				CLANG_WARN_EMPTY_BODY = YES;
				CLANG_WARN_ENUM_CONVERSION = YES;
				CLANG_WARN_INFINITE_RECURSION = YES;
				CLANG_WARN_INT_CONVERSION = YES;
				CLANG_WARN_OBJC_ROOT_CLASS = YES_ERROR;
				CLANG_WARN_SUSPICIOUS_MOVE = YES;
				CLANG_WARN_UNREACHABLE_CODE = YES;
				CLANG_WARN__DUPLICATE_METHOD_MATCH = YES;
				CODE_SIGN_IDENTITY = "-";
				COPY_PHASE_STRIP = NO;
				DEBUG_INFORMATION_FORMAT = dwarf;
				ENABLE_STRICT_OBJC_MSGSEND = YES;
				ENABLE_TESTABILITY = YES;
				GCC_C_LANGUAGE_STANDARD = gnu99;
				GCC_DYNAMIC_NO_PIC = NO;
				GCC_NO_COMMON_BLOCKS = YES;
				GCC_OPTIMIZATION_LEVEL = 0;
				GCC_PREPROCESSOR_DEFINITIONS = (
					"DEBUG=1",
					"$(inherited)",
				);
				GCC_WARN_64_TO_32_BIT_CONVERSION = YES;
				GCC_WARN_ABOUT_RETURN_TYPE = YES_ERROR;
				GCC_WARN_UNDECLARED_SELECTOR = YES;
				GCC_WARN_UNINITIALIZED_AUTOS = YES_AGGRESSIVE;
				GCC_WARN_UNUSED_FUNCTION = YES;
				GCC_WARN_UNUSED_VARIABLE = YES;
				MACOSX_DEPLOYMENT_TARGET = 10.12;
				MTL_ENABLE_DEBUG_INFO = YES;
				ONLY_ACTIVE_ARCH = YES;
				SDKROOT = macosx;
			};
			name = Debug;
		};
		777291391E9A74FE0097AA21 /* Release */ = {
			isa = XCBuildConfiguration;
			buildSettings = {
				ALWAYS_SEARCH_USER_PATHS = NO;
				CLANG_ANALYZER_NONNULL = YES;
				CLANG_ANALYZER_NUMBER_OBJECT_CONVERSION = YES_AGGRESSIVE;
				CLANG_CXX_LANGUAGE_STANDARD = "gnu++0x";
				CLANG_CXX_LIBRARY = "libc++";
				CLANG_ENABLE_MODULES = YES;
				CLANG_ENABLE_OBJC_ARC = YES;
				CLANG_WARN_BOOL_CONVERSION = YES;
				CLANG_WARN_CONSTANT_CONVERSION = YES;
				CLANG_WARN_DIRECT_OBJC_ISA_USAGE = YES_ERROR;
				CLANG_WARN_DOCUMENTATION_COMMENTS = YES;
				CLANG_WARN_EMPTY_BODY = YES;
				CLANG_WARN_ENUM_CONVERSION = YES;
				CLANG_WARN_INFINITE_RECURSION = YES;
				CLANG_WARN_INT_CONVERSION = YES;
				CLANG_WARN_OBJC_ROOT_CLASS = YES_ERROR;
				CLANG_WARN_SUSPICIOUS_MOVE = YES;
				CLANG_WARN_UNREACHABLE_CODE = YES;
				CLANG_WARN__DUPLICATE_METHOD_MATCH = YES;
				CODE_SIGN_IDENTITY = "-";
				COPY_PHASE_STRIP = NO;
				DEBUG_INFORMATION_FORMAT = "dwarf-with-dsym";
				ENABLE_NS_ASSERTIONS = NO;
				ENABLE_STRICT_OBJC_MSGSEND = YES;
				GCC_C_LANGUAGE_STANDARD = gnu99;
				GCC_NO_COMMON_BLOCKS = YES;
				GCC_WARN_64_TO_32_BIT_CONVERSION = YES;
				GCC_WARN_ABOUT_RETURN_TYPE = YES_ERROR;
				GCC_WARN_UNDECLARED_SELECTOR = YES;
				GCC_WARN_UNINITIALIZED_AUTOS = YES_AGGRESSIVE;
				GCC_WARN_UNUSED_FUNCTION = YES;
				GCC_WARN_UNUSED_VARIABLE = YES;
				MACOSX_DEPLOYMENT_TARGET = 10.12;
				MTL_ENABLE_DEBUG_INFO = NO;
				SDKROOT = macosx;
			};
			name = Release;
		};
		7772913B1E9A74FE0097AA21 /* Debug */ = {
			isa = XCBuildConfiguration;
			buildSettings = {
				PRODUCT_NAME = "$(TARGET_NAME)";
			};
			name = Debug;
		};
		7772913C1E9A74FE0097AA21 /* Release */ = {
			isa = XCBuildConfiguration;
			buildSettings = {
				PRODUCT_NAME = "$(TARGET_NAME)";
			};
			name = Release;
		};
/* End XCBuildConfiguration section */

/* Begin XCConfigurationList section */
		7772912E1E9A74FE0097AA21 /* Build configuration list for PBXProject "C2A2E2" */ = {
			isa = XCConfigurationList;
			buildConfigurations = (
				777291381E9A74FE0097AA21 /* Debug */,
				777291391E9A74FE0097AA21 /* Release */,
			);
			defaultConfigurationIsVisible = 0;
			defaultConfigurationName = Release;
		};
		7772913A1E9A74FE0097AA21 /* Build configuration list for PBXNativeTarget "C2A2E2" */ = {
			isa = XCConfigurationList;
			buildConfigurations = (
				7772913B1E9A74FE0097AA21 /* Debug */,
				7772913C1E9A74FE0097AA21 /* Release */,
			);
			defaultConfigurationIsVisible = 0;
		};
/* End XCConfigurationList section */
	};
	rootObject = 7772912B1E9A74FE0097AA21 /* Project object */;
}
